{
  "version": 4,
  "terraform_version": "1.10.0",
  "serial": 7,
  "lineage": "f3a139ef-4718-c25f-87cc-b3c55855b059",
  "outputs": {
    "images_api_repository_name": {
      "value": "cr.yandex/crpuj15nteopqtajq2pj/images-api",
      "type": "string"
    },
    "images_api_sa_id": {
      "value": "aje223bpa4l6s9omgj3j",
      "type": "string"
    }
  },
  "resources": [
    {
      "mode": "managed",
      "type": "yandex_container_registry",
      "name": "default",
      "provider": "provider[\"registry.terraform.io/yandex-cloud/yandex\"]",
      "instances": [
        {
          "schema_version": 0,
          "attributes": {
            "created_at": "2025-01-12T14:46:51Z",
            "folder_id": "b1gf17ep5f7rk18q841r",
            "id": "crpuj15nteopqtajq2pj",
            "labels": {},
            "name": "default",
            "status": "active",
            "timeouts": null
          },
          "sensitive_attributes": [],
          "private": "eyJlMmJmYjczMC1lY2FhLTExZTYtOGY4OC0zNDM2M2JjN2M0YzAiOnsiY3JlYXRlIjo5MDAwMDAwMDAwMDAsImRlbGV0ZSI6OTAwMDAwMDAwMDAwLCJ1cGRhdGUiOjkwMDAwMDAwMDAwMH19"
        }
      ]
    },
    {
      "mode": "managed",
      "type": "yandex_container_repository",
      "name": "images_api_repository",
      "provider": "provider[\"registry.terraform.io/yandex-cloud/yandex\"]",
      "instances": [
        {
          "schema_version": 0,
          "attributes": {
            "id": "crpse7243btdvgenfrc6",
            "name": "crpuj15nteopqtajq2pj/images-api",
            "timeouts": null
          },
          "sensitive_attributes": [],
          "private": "eyJlMmJmYjczMC1lY2FhLTExZTYtOGY4OC0zNDM2M2JjN2M0YzAiOnsiY3JlYXRlIjozMDAwMDAwMDAwMDAsImRlbGV0ZSI6MzAwMDAwMDAwMDAwfX0=",
          "dependencies": [
            "yandex_container_registry.default"
          ]
        }
      ]
    },
    {
      "mode": "managed",
      "type": "yandex_iam_service_account",
      "name": "images_api_sa",
      "provider": "provider[\"registry.terraform.io/yandex-cloud/yandex\"]",
      "instances": [
        {
          "schema_version": 0,
          "attributes": {
            "created_at": "2025-01-12T12:56:42Z",
            "description": "Service account to call movies-api-container and movies-database",
            "folder_id": "b1gf17ep5f7rk18q841r",
            "id": "aje223bpa4l6s9omgj3j",
            "name": "images-api-sa-b1gf17ep5f7rk18q841r",
            "timeouts": null
          },
          "sensitive_attributes": [],
          "private": "eyJlMmJmYjczMC1lY2FhLTExZTYtOGY4OC0zNDM2M2JjN2M0YzAiOnsiY3JlYXRlIjo2MDAwMDAwMDAwMCwiZGVsZXRlIjo2MDAwMDAwMDAwMCwidXBkYXRlIjo2MDAwMDAwMDAwMH19"
        }
      ]
    }
  ],
  "check_results": null
}
